// !$*UTF8*$!
{
	archiveVersion = 1;
	classes = {
	};
	objectVersion = 50;
	objects = {

/* Begin PBXBuildFile section */
		271FDB6E21747889004D5A2C /* AppDelegate.swift in Sources */ = {isa = PBXBuildFile; fileRef = 271FDB6D21747889004D5A2C /* AppDelegate.swift */; };
		271FDB7021747889004D5A2C /* ViewController.swift in Sources */ = {isa = PBXBuildFile; fileRef = 271FDB6F21747889004D5A2C /* ViewController.swift */; };
		271FDB7321747889004D5A2C /* Main.storyboard in Resources */ = {isa = PBXBuildFile; fileRef = 271FDB7121747889004D5A2C /* Main.storyboard */; };
		271FDB752174788A004D5A2C /* Assets.xcassets in Resources */ = {isa = PBXBuildFile; fileRef = 271FDB742174788A004D5A2C /* Assets.xcassets */; };
		271FDB782174788A004D5A2C /* LaunchScreen.storyboard in Resources */ = {isa = PBXBuildFile; fileRef = 271FDB762174788A004D5A2C /* LaunchScreen.storyboard */; };
		271FDB832174788A004D5A2C /* AutonomousLifeTests.swift in Sources */ = {isa = PBXBuildFile; fileRef = 271FDB822174788A004D5A2C /* AutonomousLifeTests.swift */; };
		271FDB8E2174788A004D5A2C /* AutonomousLifeUITests.swift in Sources */ = {isa = PBXBuildFile; fileRef = 271FDB8D2174788A004D5A2C /* AutonomousLifeUITests.swift */; };
		271FDBA421748297004D5A2C /* CategoriesViewController.swift in Sources */ = {isa = PBXBuildFile; fileRef = 271FDBA321748297004D5A2C /* CategoriesViewController.swift */; };
		271FDBA7217482B8004D5A2C /* TopicsViewController.swift in Sources */ = {isa = PBXBuildFile; fileRef = 271FDBA6217482B8004D5A2C /* TopicsViewController.swift */; };
		271FDBAA217482E4004D5A2C /* FavouriteTopicsViewController.swift in Sources */ = {isa = PBXBuildFile; fileRef = 271FDBA9217482E4004D5A2C /* FavouriteTopicsViewController.swift */; };
		271FDBAD21748313004D5A2C /* StoryViewController.swift in Sources */ = {isa = PBXBuildFile; fileRef = 271FDBAC21748313004D5A2C /* StoryViewController.swift */; };
/* End PBXBuildFile section */

/* Begin PBXContainerItemProxy section */
		271FDB7F2174788A004D5A2C /* PBXContainerItemProxy */ = {
			isa = PBXContainerItemProxy;
			containerPortal = 271FDB6221747889004D5A2C /* Project object */;
			proxyType = 1;
			remoteGlobalIDString = 271FDB6921747889004D5A2C;
			remoteInfo = AutonomousLife;
		};
		271FDB8A2174788A004D5A2C /* PBXContainerItemProxy */ = {
			isa = PBXContainerItemProxy;
			containerPortal = 271FDB6221747889004D5A2C /* Project object */;
			proxyType = 1;
			remoteGlobalIDString = 271FDB6921747889004D5A2C;
			remoteInfo = AutonomousLife;
		};
/* End PBXContainerItemProxy section */

/* Begin PBXFileReference section */
		271FDB6A21747889004D5A2C /* AutonomousLife.app */ = {isa = PBXFileReference; explicitFileType = wrapper.application; includeInIndex = 0; path = AutonomousLife.app; sourceTree = BUILT_PRODUCTS_DIR; };
		271FDB6D21747889004D5A2C /* AppDelegate.swift */ = {isa = PBXFileReference; lastKnownFileType = sourcecode.swift; path = AppDelegate.swift; sourceTree = "<group>"; };
		271FDB6F21747889004D5A2C /* ViewController.swift */ = {isa = PBXFileReference; lastKnownFileType = sourcecode.swift; path = ViewController.swift; sourceTree = "<group>"; };
		271FDB7221747889004D5A2C /* Base */ = {isa = PBXFileReference; lastKnownFileType = file.storyboard; name = Base; path = Base.lproj/Main.storyboard; sourceTree = "<group>"; };
		271FDB742174788A004D5A2C /* Assets.xcassets */ = {isa = PBXFileReference; lastKnownFileType = folder.assetcatalog; path = Assets.xcassets; sourceTree = "<group>"; };
		271FDB772174788A004D5A2C /* Base */ = {isa = PBXFileReference; lastKnownFileType = file.storyboard; name = Base; path = Base.lproj/LaunchScreen.storyboard; sourceTree = "<group>"; };
		271FDB792174788A004D5A2C /* Info.plist */ = {isa = PBXFileReference; lastKnownFileType = text.plist.xml; path = Info.plist; sourceTree = "<group>"; };
		271FDB7E2174788A004D5A2C /* AutonomousLifeTests.xctest */ = {isa = PBXFileReference; explicitFileType = wrapper.cfbundle; includeInIndex = 0; path = AutonomousLifeTests.xctest; sourceTree = BUILT_PRODUCTS_DIR; };
		271FDB822174788A004D5A2C /* AutonomousLifeTests.swift */ = {isa = PBXFileReference; lastKnownFileType = sourcecode.swift; path = AutonomousLifeTests.swift; sourceTree = "<group>"; };
		271FDB842174788A004D5A2C /* Info.plist */ = {isa = PBXFileReference; lastKnownFileType = text.plist.xml; path = Info.plist; sourceTree = "<group>"; };
		271FDB892174788A004D5A2C /* AutonomousLifeUITests.xctest */ = {isa = PBXFileReference; explicitFileType = wrapper.cfbundle; includeInIndex = 0; path = AutonomousLifeUITests.xctest; sourceTree = BUILT_PRODUCTS_DIR; };
		271FDB8D2174788A004D5A2C /* AutonomousLifeUITests.swift */ = {isa = PBXFileReference; lastKnownFileType = sourcecode.swift; path = AutonomousLifeUITests.swift; sourceTree = "<group>"; };
		271FDB8F2174788A004D5A2C /* Info.plist */ = {isa = PBXFileReference; lastKnownFileType = text.plist.xml; path = Info.plist; sourceTree = "<group>"; };
		271FDBA321748297004D5A2C /* CategoriesViewController.swift */ = {isa = PBXFileReference; lastKnownFileType = sourcecode.swift; path = CategoriesViewController.swift; sourceTree = "<group>"; };
		271FDBA6217482B8004D5A2C /* TopicsViewController.swift */ = {isa = PBXFileReference; lastKnownFileType = sourcecode.swift; path = TopicsViewController.swift; sourceTree = "<group>"; };
		271FDBA9217482E4004D5A2C /* FavouriteTopicsViewController.swift */ = {isa = PBXFileReference; lastKnownFileType = sourcecode.swift; path = FavouriteTopicsViewController.swift; sourceTree = "<group>"; };
		271FDBAC21748313004D5A2C /* StoryViewController.swift */ = {isa = PBXFileReference; lastKnownFileType = sourcecode.swift; path = StoryViewController.swift; sourceTree = "<group>"; };
/* End PBXFileReference section */

/* Begin PBXFrameworksBuildPhase section */
		271FDB6721747889004D5A2C /* Frameworks */ = {
			isa = PBXFrameworksBuildPhase;
			buildActionMask = 2147483647;
			files = (
			);
			runOnlyForDeploymentPostprocessing = 0;
		};
		271FDB7B2174788A004D5A2C /* Frameworks */ = {
			isa = PBXFrameworksBuildPhase;
			buildActionMask = 2147483647;
			files = (
			);
			runOnlyForDeploymentPostprocessing = 0;
		};
		271FDB862174788A004D5A2C /* Frameworks */ = {
			isa = PBXFrameworksBuildPhase;
			buildActionMask = 2147483647;
			files = (
			);
			runOnlyForDeploymentPostprocessing = 0;
		};
/* End PBXFrameworksBuildPhase section */

/* Begin PBXGroup section */
		271FDB6121747889004D5A2C = {
			isa = PBXGroup;
			children = (
				271FDB6C21747889004D5A2C /* AutonomousLife */,
				271FDB812174788A004D5A2C /* AutonomousLifeTests */,
				271FDB8C2174788A004D5A2C /* AutonomousLifeUITests */,
				271FDB6B21747889004D5A2C /* Products */,
			);
			sourceTree = "<group>";
		};
		271FDB6B21747889004D5A2C /* Products */ = {
			isa = PBXGroup;
			children = (
				271FDB6A21747889004D5A2C /* AutonomousLife.app */,
				271FDB7E2174788A004D5A2C /* AutonomousLifeTests.xctest */,
				271FDB892174788A004D5A2C /* AutonomousLifeUITests.xctest */,
			);
			name = Products;
			sourceTree = "<group>";
		};
		271FDB6C21747889004D5A2C /* AutonomousLife */ = {
			isa = PBXGroup;
			children = (
				271FDB6D21747889004D5A2C /* AppDelegate.swift */,
				271FDB6F21747889004D5A2C /* ViewController.swift */,
				271FDB7121747889004D5A2C /* Main.storyboard */,
				271FDB742174788A004D5A2C /* Assets.xcassets */,
				271FDB762174788A004D5A2C /* LaunchScreen.storyboard */,
				271FDBA8217482BD004D5A2C /* Topics */,
				271FDB792174788A004D5A2C /* Info.plist */,
				271FDBAE2174831D004D5A2C /* Story */,
				271FDBAB217482EA004D5A2C /* FavouriteTopics */,
				271FDBA52174829F004D5A2C /* Categories */,
			);
			path = AutonomousLife;
			sourceTree = "<group>";
		};
		271FDB812174788A004D5A2C /* AutonomousLifeTests */ = {
			isa = PBXGroup;
			children = (
				271FDB822174788A004D5A2C /* AutonomousLifeTests.swift */,
				271FDB842174788A004D5A2C /* Info.plist */,
			);
			path = AutonomousLifeTests;
			sourceTree = "<group>";
		};
		271FDB8C2174788A004D5A2C /* AutonomousLifeUITests */ = {
			isa = PBXGroup;
			children = (
				271FDB8D2174788A004D5A2C /* AutonomousLifeUITests.swift */,
				271FDB8F2174788A004D5A2C /* Info.plist */,
			);
			path = AutonomousLifeUITests;
			sourceTree = "<group>";
		};
		271FDBA52174829F004D5A2C /* Categories */ = {
			isa = PBXGroup;
			children = (
				271FDBA321748297004D5A2C /* CategoriesViewController.swift */,
			);
			path = Categories;
			sourceTree = "<group>";
		};
		271FDBA8217482BD004D5A2C /* Topics */ = {
			isa = PBXGroup;
			children = (
				271FDBA6217482B8004D5A2C /* TopicsViewController.swift */,
			);
			path = Topics;
			sourceTree = "<group>";
		};
		271FDBAB217482EA004D5A2C /* FavouriteTopics */ = {
			isa = PBXGroup;
			children = (
				271FDBA9217482E4004D5A2C /* FavouriteTopicsViewController.swift */,
			);
			path = FavouriteTopics;
			sourceTree = "<group>";
		};
		271FDBAE2174831D004D5A2C /* Story */ = {
			isa = PBXGroup;
			children = (
				271FDBAC21748313004D5A2C /* StoryViewController.swift */,
			);
			path = Story;
			sourceTree = "<group>";
		};
/* End PBXGroup section */

/* Begin PBXNativeTarget section */
		271FDB6921747889004D5A2C /* AutonomousLife */ = {
			isa = PBXNativeTarget;
			buildConfigurationList = 271FDB922174788A004D5A2C /* Build configuration list for PBXNativeTarget "AutonomousLife" */;
			buildPhases = (
				271FDB6621747889004D5A2C /* Sources */,
				271FDB6721747889004D5A2C /* Frameworks */,
				271FDB6821747889004D5A2C /* Resources */,
			);
			buildRules = (
			);
			dependencies = (
			);
			name = AutonomousLife;
			productName = AutonomousLife;
			productReference = 271FDB6A21747889004D5A2C /* AutonomousLife.app */;
			productType = "com.apple.product-type.application";
		};
		271FDB7D2174788A004D5A2C /* AutonomousLifeTests */ = {
			isa = PBXNativeTarget;
			buildConfigurationList = 271FDB952174788A004D5A2C /* Build configuration list for PBXNativeTarget "AutonomousLifeTests" */;
			buildPhases = (
				271FDB7A2174788A004D5A2C /* Sources */,
				271FDB7B2174788A004D5A2C /* Frameworks */,
				271FDB7C2174788A004D5A2C /* Resources */,
			);
			buildRules = (
			);
			dependencies = (
				271FDB802174788A004D5A2C /* PBXTargetDependency */,
			);
			name = AutonomousLifeTests;
			productName = AutonomousLifeTests;
			productReference = 271FDB7E2174788A004D5A2C /* AutonomousLifeTests.xctest */;
			productType = "com.apple.product-type.bundle.unit-test";
		};
		271FDB882174788A004D5A2C /* AutonomousLifeUITests */ = {
			isa = PBXNativeTarget;
			buildConfigurationList = 271FDB982174788A004D5A2C /* Build configuration list for PBXNativeTarget "AutonomousLifeUITests" */;
			buildPhases = (
				271FDB852174788A004D5A2C /* Sources */,
				271FDB862174788A004D5A2C /* Frameworks */,
				271FDB872174788A004D5A2C /* Resources */,
			);
			buildRules = (
			);
			dependencies = (
				271FDB8B2174788A004D5A2C /* PBXTargetDependency */,
			);
			name = AutonomousLifeUITests;
			productName = AutonomousLifeUITests;
			productReference = 271FDB892174788A004D5A2C /* AutonomousLifeUITests.xctest */;
			productType = "com.apple.product-type.bundle.ui-testing";
		};
/* End PBXNativeTarget section */

/* Begin PBXProject section */
		271FDB6221747889004D5A2C /* Project object */ = {
			isa = PBXProject;
			attributes = {
				LastSwiftUpdateCheck = 1000;
				LastUpgradeCheck = 1000;
				ORGANIZATIONNAME = "Alex Ilyin";
				TargetAttributes = {
					271FDB6921747889004D5A2C = {
						CreatedOnToolsVersion = 10.0;
					};
					271FDB7D2174788A004D5A2C = {
						CreatedOnToolsVersion = 10.0;
						TestTargetID = 271FDB6921747889004D5A2C;
					};
					271FDB882174788A004D5A2C = {
						CreatedOnToolsVersion = 10.0;
						TestTargetID = 271FDB6921747889004D5A2C;
					};
				};
			};
			buildConfigurationList = 271FDB6521747889004D5A2C /* Build configuration list for PBXProject "AutonomousLife" */;
			compatibilityVersion = "Xcode 9.3";
			developmentRegion = en;
			hasScannedForEncodings = 0;
			knownRegions = (
				en,
				Base,
			);
			mainGroup = 271FDB6121747889004D5A2C;
			productRefGroup = 271FDB6B21747889004D5A2C /* Products */;
			projectDirPath = "";
			projectRoot = "";
			targets = (
				271FDB6921747889004D5A2C /* AutonomousLife */,
				271FDB7D2174788A004D5A2C /* AutonomousLifeTests */,
				271FDB882174788A004D5A2C /* AutonomousLifeUITests */,
			);
		};
/* End PBXProject section */

/* Begin PBXResourcesBuildPhase section */
		271FDB6821747889004D5A2C /* Resources */ = {
			isa = PBXResourcesBuildPhase;
			buildActionMask = 2147483647;
			files = (
				271FDB782174788A004D5A2C /* LaunchScreen.storyboard in Resources */,
				271FDB752174788A004D5A2C /* Assets.xcassets in Resources */,
				271FDB7321747889004D5A2C /* Main.storyboard in Resources */,
			);
			runOnlyForDeploymentPostprocessing = 0;
		};
		271FDB7C2174788A004D5A2C /* Resources */ = {
			isa = PBXResourcesBuildPhase;
			buildActionMask = 2147483647;
			files = (
			);
			runOnlyForDeploymentPostprocessing = 0;
		};
		271FDB872174788A004D5A2C /* Resources */ = {
			isa = PBXResourcesBuildPhase;
			buildActionMask = 2147483647;
			files = (
			);
			runOnlyForDeploymentPostprocessing = 0;
		};
/* End PBXResourcesBuildPhase section */

/* Begin PBXSourcesBuildPhase section */
		271FDB6621747889004D5A2C /* Sources */ = {
			isa = PBXSourcesBuildPhase;
			buildActionMask = 2147483647;
			files = (
				271FDB7021747889004D5A2C /* ViewController.swift in Sources */,
				271FDB6E21747889004D5A2C /* AppDelegate.swift in Sources */,
				271FDBA7217482B8004D5A2C /* TopicsViewController.swift in Sources */,
				271FDBAA217482E4004D5A2C /* FavouriteTopicsViewController.swift in Sources */,
				271FDBA421748297004D5A2C /* CategoriesViewController.swift in Sources */,
				271FDBAD21748313004D5A2C /* StoryViewController.swift in Sources */,
			);
			runOnlyForDeploymentPostprocessing = 0;
		};
		271FDB7A2174788A004D5A2C /* Sources */ = {
			isa = PBXSourcesBuildPhase;
			buildActionMask = 2147483647;
			files = (
				271FDB832174788A004D5A2C /* AutonomousLifeTests.swift in Sources */,
			);
			runOnlyForDeploymentPostprocessing = 0;
		};
		271FDB852174788A004D5A2C /* Sources */ = {
			isa = PBXSourcesBuildPhase;
			buildActionMask = 2147483647;
			files = (
				271FDB8E2174788A004D5A2C /* AutonomousLifeUITests.swift in Sources */,
			);
			runOnlyForDeploymentPostprocessing = 0;
		};
/* End PBXSourcesBuildPhase section */

/* Begin PBXTargetDependency section */
		271FDB802174788A004D5A2C /* PBXTargetDependency */ = {
			isa = PBXTargetDependency;
			target = 271FDB6921747889004D5A2C /* AutonomousLife */;
			targetProxy = 271FDB7F2174788A004D5A2C /* PBXContainerItemProxy */;
		};
		271FDB8B2174788A004D5A2C /* PBXTargetDependency */ = {
			isa = PBXTargetDependency;
			target = 271FDB6921747889004D5A2C /* AutonomousLife */;
			targetProxy = 271FDB8A2174788A004D5A2C /* PBXContainerItemProxy */;
		};
/* End PBXTargetDependency section */

/* Begin PBXVariantGroup section */
		271FDB7121747889004D5A2C /* Main.storyboard */ = {
			isa = PBXVariantGroup;
			children = (
				271FDB7221747889004D5A2C /* Base */,
			);
			name = Main.storyboard;
			sourceTree = "<group>";
		};
		271FDB762174788A004D5A2C /* LaunchScreen.storyboard */ = {
			isa = PBXVariantGroup;
			children = (
				271FDB772174788A004D5A2C /* Base */,
			);
			name = LaunchScreen.storyboard;
			sourceTree = "<group>";
		};
/* End PBXVariantGroup section */

/* Begin XCBuildConfiguration section */
		271FDB902174788A004D5A2C /* Debug */ = {
			isa = XCBuildConfiguration;
			buildSettings = {
				ALWAYS_SEARCH_USER_PATHS = NO;
				CLANG_ANALYZER_NONNULL = YES;
				CLANG_ANALYZER_NUMBER_OBJECT_CONVERSION = YES_AGGRESSIVE;
				CLANG_CXX_LANGUAGE_STANDARD = "gnu++14";
				CLANG_CXX_LIBRARY = "libc++";
				CLANG_ENABLE_MODULES = YES;
				CLANG_ENABLE_OBJC_ARC = YES;
				CLANG_ENABLE_OBJC_WEAK = YES;
				CLANG_WARN_BLOCK_CAPTURE_AUTORELEASING = YES;
				CLANG_WARN_BOOL_CONVERSION = YES;
				CLANG_WARN_COMMA = YES;
				CLANG_WARN_CONSTANT_CONVERSION = YES;
				CLANG_WARN_DEPRECATED_OBJC_IMPLEMENTATIONS = YES;
				CLANG_WARN_DIRECT_OBJC_ISA_USAGE = YES_ERROR;
				CLANG_WARN_DOCUMENTATION_COMMENTS = YES;
				CLANG_WARN_EMPTY_BODY = YES;
				CLANG_WARN_ENUM_CONVERSION = YES;
				CLANG_WARN_INFINITE_RECURSION = YES;
				CLANG_WARN_INT_CONVERSION = YES;
				CLANG_WARN_NON_LITERAL_NULL_CONVERSION = YES;
				CLANG_WARN_OBJC_IMPLICIT_RETAIN_SELF = YES;
				CLANG_WARN_OBJC_LITERAL_CONVERSION = YES;
				CLANG_WARN_OBJC_ROOT_CLASS = YES_ERROR;
				CLANG_WARN_RANGE_LOOP_ANALYSIS = YES;
				CLANG_WARN_STRICT_PROTOTYPES = YES;
				CLANG_WARN_SUSPICIOUS_MOVE = YES;
				CLANG_WARN_UNGUARDED_AVAILABILITY = YES_AGGRESSIVE;
				CLANG_WARN_UNREACHABLE_CODE = YES;
				CLANG_WARN__DUPLICATE_METHOD_MATCH = YES;
				CODE_SIGN_IDENTITY = "iPhone Developer";
				COPY_PHASE_STRIP = NO;
				DEBUG_INFORMATION_FORMAT = dwarf;
				ENABLE_STRICT_OBJC_MSGSEND = YES;
				ENABLE_TESTABILITY = YES;
				GCC_C_LANGUAGE_STANDARD = gnu11;
				GCC_DYNAMIC_NO_PIC = NO;
				GCC_NO_COMMON_BLOCKS = YES;
				GCC_OPTIMIZATION_LEVEL = 0;
				GCC_PREPROCESSOR_DEFINITIONS = (
					"DEBUG=1",
					"$(inherited)",
				);
				GCC_WARN_64_TO_32_BIT_CONVERSION = YES;
				GCC_WARN_ABOUT_RETURN_TYPE = YES_ERROR;
				GCC_WARN_UNDECLARED_SELECTOR = YES;
				GCC_WARN_UNINITIALIZED_AUTOS = YES_AGGRESSIVE;
				GCC_WARN_UNUSED_FUNCTION = YES;
				GCC_WARN_UNUSED_VARIABLE = YES;
				IPHONEOS_DEPLOYMENT_TARGET = 12.0;
				MTL_ENABLE_DEBUG_INFO = INCLUDE_SOURCE;
				MTL_FAST_MATH = YES;
				ONLY_ACTIVE_ARCH = YES;
				SDKROOT = iphoneos;
				SWIFT_ACTIVE_COMPILATION_CONDITIONS = DEBUG;
				SWIFT_OPTIMIZATION_LEVEL = "-Onone";
			};
			name = Debug;
		};
		271FDB912174788A004D5A2C /* Release */ = {
			isa = XCBuildConfiguration;
			buildSettings = {
				ALWAYS_SEARCH_USER_PATHS = NO;
				CLANG_ANALYZER_NONNULL = YES;
				CLANG_ANALYZER_NUMBER_OBJECT_CONVERSION = YES_AGGRESSIVE;
				CLANG_CXX_LANGUAGE_STANDARD = "gnu++14";
				CLANG_CXX_LIBRARY = "libc++";
				CLANG_ENABLE_MODULES = YES;
				CLANG_ENABLE_OBJC_ARC = YES;
				CLANG_ENABLE_OBJC_WEAK = YES;
				CLANG_WARN_BLOCK_CAPTURE_AUTORELEASING = YES;
				CLANG_WARN_BOOL_CONVERSION = YES;
				CLANG_WARN_COMMA = YES;
				CLANG_WARN_CONSTANT_CONVERSION = YES;
				CLANG_WARN_DEPRECATED_OBJC_IMPLEMENTATIONS = YES;
				CLANG_WARN_DIRECT_OBJC_ISA_USAGE = YES_ERROR;
				CLANG_WARN_DOCUMENTATION_COMMENTS = YES;
				CLANG_WARN_EMPTY_BODY = YES;
				CLANG_WARN_ENUM_CONVERSION = YES;
				CLANG_WARN_INFINITE_RECURSION = YES;
				CLANG_WARN_INT_CONVERSION = YES;
				CLANG_WARN_NON_LITERAL_NULL_CONVERSION = YES;
				CLANG_WARN_OBJC_IMPLICIT_RETAIN_SELF = YES;
				CLANG_WARN_OBJC_LITERAL_CONVERSION = YES;
				CLANG_WARN_OBJC_ROOT_CLASS = YES_ERROR;
				CLANG_WARN_RANGE_LOOP_ANALYSIS = YES;
				CLANG_WARN_STRICT_PROTOTYPES = YES;
				CLANG_WARN_SUSPICIOUS_MOVE = YES;
				CLANG_WARN_UNGUARDED_AVAILABILITY = YES_AGGRESSIVE;
				CLANG_WARN_UNREACHABLE_CODE = YES;
				CLANG_WARN__DUPLICATE_METHOD_MATCH = YES;
				CODE_SIGN_IDENTITY = "iPhone Developer";
				COPY_PHASE_STRIP = NO;
				DEBUG_INFORMATION_FORMAT = "dwarf-with-dsym";
				ENABLE_NS_ASSERTIONS = NO;
				ENABLE_STRICT_OBJC_MSGSEND = YES;
				GCC_C_LANGUAGE_STANDARD = gnu11;
				GCC_NO_COMMON_BLOCKS = YES;
				GCC_WARN_64_TO_32_BIT_CONVERSION = YES;
				GCC_WARN_ABOUT_RETURN_TYPE = YES_ERROR;
				GCC_WARN_UNDECLARED_SELECTOR = YES;
				GCC_WARN_UNINITIALIZED_AUTOS = YES_AGGRESSIVE;
				GCC_WARN_UNUSED_FUNCTION = YES;
				GCC_WARN_UNUSED_VARIABLE = YES;
				IPHONEOS_DEPLOYMENT_TARGET = 12.0;
				MTL_ENABLE_DEBUG_INFO = NO;
				MTL_FAST_MATH = YES;
				SDKROOT = iphoneos;
				SWIFT_COMPILATION_MODE = wholemodule;
				SWIFT_OPTIMIZATION_LEVEL = "-O";
				VALIDATE_PRODUCT = YES;
			};
			name = Release;
		};
		271FDB932174788A004D5A2C /* Debug */ = {
			isa = XCBuildConfiguration;
			buildSettings = {
				ASSETCATALOG_COMPILER_APPICON_NAME = AppIcon;
				CODE_SIGN_STYLE = Automatic;
				DEVELOPMENT_TEAM = V7LZTG368T;
				INFOPLIST_FILE = AutonomousLife/Info.plist;
				LD_RUNPATH_SEARCH_PATHS = (
					"$(inherited)",
					"@executable_path/Frameworks",
				);
				PRODUCT_BUNDLE_IDENTIFIER = local.developeracademy.AutonomousLife;
				PRODUCT_NAME = "$(TARGET_NAME)";
				SWIFT_VERSION = 4.2;
				TARGETED_DEVICE_FAMILY = "1,2";
			};
			name = Debug;
		};
		271FDB942174788A004D5A2C /* Release */ = {
			isa = XCBuildConfiguration;
			buildSettings = {
				ASSETCATALOG_COMPILER_APPICON_NAME = AppIcon;
				CODE_SIGN_STYLE = Automatic;
				DEVELOPMENT_TEAM = V7LZTG368T;
				INFOPLIST_FILE = AutonomousLife/Info.plist;
				LD_RUNPATH_SEARCH_PATHS = (
					"$(inherited)",
					"@executable_path/Frameworks",
				);
				PRODUCT_BUNDLE_IDENTIFIER = local.developeracademy.AutonomousLife;
				PRODUCT_NAME = "$(TARGET_NAME)";
				SWIFT_VERSION = 4.2;
				TARGETED_DEVICE_FAMILY = "1,2";
			};
			name = Release;
		};
		271FDB962174788A004D5A2C /* Debug */ = {
			isa = XCBuildConfiguration;
			buildSettings = {
				ALWAYS_EMBED_SWIFT_STANDARD_LIBRARIES = YES;
				BUNDLE_LOADER = "$(TEST_HOST)";
				CODE_SIGN_STYLE = Automatic;
				DEVELOPMENT_TEAM = V7LZTG368T;
				INFOPLIST_FILE = AutonomousLifeTests/Info.plist;
				LD_RUNPATH_SEARCH_PATHS = (
					"$(inherited)",
					"@executable_path/Frameworks",
					"@loader_path/Frameworks",
				);
				PRODUCT_BUNDLE_IDENTIFIER = local.developeracademy.AutonomousLifeTests;
				PRODUCT_NAME = "$(TARGET_NAME)";
				SWIFT_VERSION = 4.2;
				TARGETED_DEVICE_FAMILY = "1,2";
				TEST_HOST = "$(BUILT_PRODUCTS_DIR)/AutonomousLife.app/AutonomousLife";
			};
			name = Debug;
		};
		271FDB972174788A004D5A2C /* Release */ = {
			isa = XCBuildConfiguration;
			buildSettings = {
				ALWAYS_EMBED_SWIFT_STANDARD_LIBRARIES = YES;
				BUNDLE_LOADER = "$(TEST_HOST)";
				CODE_SIGN_STYLE = Automatic;
				DEVELOPMENT_TEAM = V7LZTG368T;
				INFOPLIST_FILE = AutonomousLifeTests/Info.plist;
				LD_RUNPATH_SEARCH_PATHS = (
					"$(inherited)",
					"@executable_path/Frameworks",
					"@loader_path/Frameworks",
				);
				PRODUCT_BUNDLE_IDENTIFIER = local.developeracademy.AutonomousLifeTests;
				PRODUCT_NAME = "$(TARGET_NAME)";
				SWIFT_VERSION = 4.2;
				TARGETED_DEVICE_FAMILY = "1,2";
				TEST_HOST = "$(BUILT_PRODUCTS_DIR)/AutonomousLife.app/AutonomousLife";
			};
			name = Release;
		};
		271FDB992174788A004D5A2C /* Debug */ = {
			isa = XCBuildConfiguration;
			buildSettings = {
				ALWAYS_EMBED_SWIFT_STANDARD_LIBRARIES = YES;
				CODE_SIGN_STYLE = Automatic;
				DEVELOPMENT_TEAM = V7LZTG368T;
				INFOPLIST_FILE = AutonomousLifeUITests/Info.plist;
				LD_RUNPATH_SEARCH_PATHS = (
					"$(inherited)",
					"@executable_path/Frameworks",
					"@loader_path/Frameworks",
				);
				PRODUCT_BUNDLE_IDENTIFIER = local.developeracademy.AutonomousLifeUITests;
				PRODUCT_NAME = "$(TARGET_NAME)";
				SWIFT_VERSION = 4.2;
				TARGETED_DEVICE_FAMILY = "1,2";
				TEST_TARGET_NAME = AutonomousLife;
			};
			name = Debug;
		};
		271FDB9A2174788A004D5A2C /* Release */ = {
			isa = XCBuildConfiguration;
			buildSettings = {
				ALWAYS_EMBED_SWIFT_STANDARD_LIBRARIES = YES;
				CODE_SIGN_STYLE = Automatic;
				DEVELOPMENT_TEAM = V7LZTG368T;
				INFOPLIST_FILE = AutonomousLifeUITests/Info.plist;
				LD_RUNPATH_SEARCH_PATHS = (
					"$(inherited)",
					"@executable_path/Frameworks",
					"@loader_path/Frameworks",
				);
				PRODUCT_BUNDLE_IDENTIFIER = local.developeracademy.AutonomousLifeUITests;
				PRODUCT_NAME = "$(TARGET_NAME)";
				SWIFT_VERSION = 4.2;
				TARGETED_DEVICE_FAMILY = "1,2";
				TEST_TARGET_NAME = AutonomousLife;
			};
			name = Release;
		};
/* End XCBuildConfiguration section */

/* Begin XCConfigurationList section */
		271FDB6521747889004D5A2C /* Build configuration list for PBXProject "AutonomousLife" */ = {
			isa = XCConfigurationList;
			buildConfigurations = (
				271FDB902174788A004D5A2C /* Debug */,
				271FDB912174788A004D5A2C /* Release */,
			);
			defaultConfigurationIsVisible = 0;
			defaultConfigurationName = Release;
		};
		271FDB922174788A004D5A2C /* Build configuration list for PBXNativeTarget "AutonomousLife" */ = {
			isa = XCConfigurationList;
			buildConfigurations = (
				271FDB932174788A004D5A2C /* Debug */,
				271FDB942174788A004D5A2C /* Release */,
			);
			defaultConfigurationIsVisible = 0;
			defaultConfigurationName = Release;
		};
		271FDB952174788A004D5A2C /* Build configuration list for PBXNativeTarget "AutonomousLifeTests" */ = {
			isa = XCConfigurationList;
			buildConfigurations = (
				271FDB962174788A004D5A2C /* Debug */,
				271FDB972174788A004D5A2C /* Release */,
			);
			defaultConfigurationIsVisible = 0;
			defaultConfigurationName = Release;
		};
		271FDB982174788A004D5A2C /* Build configuration list for PBXNativeTarget "AutonomousLifeUITests" */ = {
			isa = XCConfigurationList;
			buildConfigurations = (
				271FDB992174788A004D5A2C /* Debug */,
				271FDB9A2174788A004D5A2C /* Release */,
			);
			defaultConfigurationIsVisible = 0;
			defaultConfigurationName = Release;
		};
/* End XCConfigurationList section */
	};
	rootObject = 271FDB6221747889004D5A2C /* Project object */;
}
